// !$*UTF8*$!
{
	archiveVersion = 1;
	classes = {
	};
	objectVersion = 77;
	objects = {

/* Begin PBXBuildFile section */
		50FA8F672FD5F7470044C0F5 /* FirebaseAnalytics in Frameworks */ = {isa = PBXBuildFile; productRef = 50FA8F662FD5F7470044C0F5 /* FirebaseAnalytics */; };
		50FA8F692FD5F74D0044C0F5 /* FirebaseAuth in Frameworks */ = {isa = PBXBuildFile; productRef = 50FA8F682FD5F74D0044C0F5 /* FirebaseAuth */; };
		50FA8F6B2FD5F7580044C0F5 /* FirebaseCore in Frameworks */ = {isa = PBXBuildFile; productRef = 50FA8F6A2FD5F7580044C0F5 /* FirebaseCore */; };
		50FA8F722FD6000C0044C0F5 /* GoogleSignIn in Frameworks */ = {isa = PBXBuildFile; productRef = 50FA8F712FD6000C0044C0F5 /* GoogleSignIn */; };
/* End PBXBuildFile section */

/* Begin PBXContainerItemProxy section */
		50F3E1002FCCAF8200868C02 /* PBXContainerItemProxy */ = {
			isa = PBXContainerItemProxy;
			containerPortal = 50F3E0EA2FCCAF7E00868C02 /* Project object */;
			proxyType = 1;
			remoteGlobalIDString = 50F3E0F12FCCAF7E00868C02;
			remoteInfo = RuckingTracker;
		};
		50F3E10A2FCCAF8200868C02 /* PBXContainerItemProxy */ = {
			isa = PBXContainerItemProxy;
			containerPortal = 50F3E0EA2FCCAF7E00868C02 /* Project object */;
			proxyType = 1;
			remoteGlobalIDString = 50F3E0F12FCCAF7E00868C02;
			remoteInfo = RuckingTracker;
		};
/* End PBXContainerItemProxy section */

/* Begin PBXFileReference section */
		50F3E0F22FCCAF7E00868C02 /* RuckingTracker.app */ = {isa = PBXFileReference; explicitFileType = wrapper.application; includeInIndex = 0; path = RuckingTracker.app; sourceTree = BUILT_PRODUCTS_DIR; };
		50F3E0FF2FCCAF8200868C02 /* RuckingTrackerTests.xctest */ = {isa = PBXFileReference; explicitFileType = wrapper.cfbundle; includeInIndex = 0; path = RuckingTrackerTests.xctest; sourceTree = BUILT_PRODUCTS_DIR; };
		50F3E1092FCCAF8200868C02 /* RuckingTrackerUITests.xctest */ = {isa = PBXFileReference; explicitFileType = wrapper.cfbundle; includeInIndex = 0; path = RuckingTrackerUITests.xctest; sourceTree = BUILT_PRODUCTS_DIR; };
/* End PBXFileReference section */

/* Begin PBXFileSystemSynchronizedRootGroup section */
		50F3E0F42FCCAF7E00868C02 /* RuckingTracker */ = {
			isa = PBXFileSystemSynchronizedRootGroup;
			path = RuckingTracker;
			sourceTree = "<group>";
		};
		50F3E1022FCCAF8200868C02 /* RuckingTrackerTests */ = {
			isa = PBXFileSystemSynchronizedRootGroup;
			path = RuckingTrackerTests;
			sourceTree = "<group>";
		};
		50F3E10C2FCCAF8200868C02 /* RuckingTrackerUITests */ = {
			isa = PBXFileSystemSynchronizedRootGroup;
			path = RuckingTrackerUITests;
			sourceTree = "<group>";
		};
/* End PBXFileSystemSynchronizedRootGroup section */

/* Begin PBXFrameworksBuildPhase section */
		50F3E0EF2FCCAF7E00868C02 /* Frameworks */ = {
			isa = PBXFrameworksBuildPhase;
			buildActionMask = 2147483647;
			files = (
				50FA8F672FD5F7470044C0F5 /* FirebaseAnalytics in Frameworks */,
				50FA8F722FD6000C0044C0F5 /* GoogleSignIn in Frameworks */,
				50FA8F6B2FD5F7580044C0F5 /* FirebaseCore in Frameworks */,
				50FA8F692FD5F74D0044C0F5 /* FirebaseAuth in Frameworks */,
			);
			runOnlyForDeploymentPostprocessing = 0;
		};
		50F3E0FC2FCCAF8200868C02 /* Frameworks */ = {
			isa = PBXFrameworksBuildPhase;
			buildActionMask = 2147483647;
			files = (
			);
			runOnlyForDeploymentPostprocessing = 0;
		};
		50F3E1062FCCAF8200868C02 /* Frameworks */ = {
			isa = PBXFrameworksBuildPhase;
			buildActionMask = 2147483647;
			files = (
			);
			runOnlyForDeploymentPostprocessing = 0;
		};
/* End PBXFrameworksBuildPhase section */

/* Begin PBXGroup section */
		50F3E0E92FCCAF7E00868C02 = {
			isa = PBXGroup;
			children = (
				50F3E0F42FCCAF7E00868C02 /* RuckingTracker */,
				50F3E1022FCCAF8200868C02 /* RuckingTrackerTests */,
				50F3E10C2FCCAF8200868C02 /* RuckingTrackerUITests */,
				50FA8F652FD5F7470044C0F5 /* Frameworks */,
				50F3E0F32FCCAF7E00868C02 /* Products */,
			);
			sourceTree = "<group>";
		};
		50F3E0F32FCCAF7E00868C02 /* Products */ = {
			isa = PBXGroup;
			children = (
				50F3E0F22FCCAF7E00868C02 /* RuckingTracker.app */,
				50F3E0FF2FCCAF8200868C02 /* RuckingTrackerTests.xctest */,
				50F3E1092FCCAF8200868C02 /* RuckingTrackerUITests.xctest */,
			);
			name = Products;
			sourceTree = "<group>";
		};
		50FA8F652FD5F7470044C0F5 /* Frameworks */ = {
			isa = PBXGroup;
			children = (
			);
			name = Frameworks;
			sourceTree = "<group>";
		};
/* End PBXGroup section */

/* Begin PBXNativeTarget section */
		50F3E0F12FCCAF7E00868C02 /* RuckingTracker */ = {
			isa = PBXNativeTarget;
			buildConfigurationList = 50F3E1132FCCAF8200868C02 /* Build configuration list for PBXNativeTarget "RuckingTracker" */;
			buildPhases = (
				50F3E0EE2FCCAF7E00868C02 /* Sources */,
				50F3E0EF2FCCAF7E00868C02 /* Frameworks */,
				50F3E0F02FCCAF7E00868C02 /* Resources */,
			);
			buildRules = (
			);
			dependencies = (
			);
			fileSystemSynchronizedGroups = (
				50F3E0F42FCCAF7E00868C02 /* RuckingTracker */,
			);
			name = RuckingTracker;
			packageProductDependencies = (
				50FA8F662FD5F7470044C0F5 /* FirebaseAnalytics */,
				50FA8F682FD5F74D0044C0F5 /* FirebaseAuth */,
				50FA8F6A2FD5F7580044C0F5 /* FirebaseCore */,
				50FA8F712FD6000C0044C0F5 /* GoogleSignIn */,
			);
			productName = RuckingTracker;
			productReference = 50F3E0F22FCCAF7E00868C02 /* RuckingTracker.app */;
			productType = "com.apple.product-type.application";
		};
		50F3E0FE2FCCAF8200868C02 /* RuckingTrackerTests */ = {
			isa = PBXNativeTarget;
			buildConfigurationList = 50F3E1162FCCAF8200868C02 /* Build configuration list for PBXNativeTarget "RuckingTrackerTests" */;
			buildPhases = (
				50F3E0FB2FCCAF8200868C02 /* Sources */,
				50F3E0FC2FCCAF8200868C02 /* Frameworks */,
				50F3E0FD2FCCAF8200868C02 /* Resources */,
			);
			buildRules = (
			);
			dependencies = (
				50F3E1012FCCAF8200868C02 /* PBXTargetDependency */,
			);
			fileSystemSynchronizedGroups = (
				50F3E1022FCCAF8200868C02 /* RuckingTrackerTests */,
			);
			name = RuckingTrackerTests;
			packageProductDependencies = (
			);
			productName = RuckingTrackerTests;
			productReference = 50F3E0FF2FCCAF8200868C02 /* RuckingTrackerTests.xctest */;
			productType = "com.apple.product-type.bundle.unit-test";
		};
		50F3E1082FCCAF8200868C02 /* RuckingTrackerUITests */ = {
			isa = PBXNativeTarget;
			buildConfigurationList = 50F3E1192FCCAF8200868C02 /* Build configuration list for PBXNativeTarget "RuckingTrackerUITests" */;
			buildPhases = (
				50F3E1052FCCAF8200868C02 /* Sources */,
				50F3E1062FCCAF8200868C02 /* Frameworks */,
				50F3E1072FCCAF8200868C02 /* Resources */,
			);
			buildRules = (
			);
			dependencies = (
				50F3E10B2FCCAF8200868C02 /* PBXTargetDependency */,
			);
			fileSystemSynchronizedGroups = (
				50F3E10C2FCCAF8200868C02 /* RuckingTrackerUITests */,
			);
			name = RuckingTrackerUITests;
			packageProductDependencies = (
			);
			productName = RuckingTrackerUITests;
			productReference = 50F3E1092FCCAF8200868C02 /* RuckingTrackerUITests.xctest */;
			productType = "com.apple.product-type.bundle.ui-testing";
		};
/* End PBXNativeTarget section */

/* Begin PBXProject section */
		50F3E0EA2FCCAF7E00868C02 /* Project object */ = {
			isa = PBXProject;
			attributes = {
				BuildIndependentTargetsInParallel = 1;
				LastSwiftUpdateCheck = 2600;
				LastUpgradeCheck = 2600;
				TargetAttributes = {
					50F3E0F12FCCAF7E00868C02 = {
						CreatedOnToolsVersion = 26.0.1;
					};
					50F3E0FE2FCCAF8200868C02 = {
						CreatedOnToolsVersion = 26.0.1;
						TestTargetID = 50F3E0F12FCCAF7E00868C02;
					};
					50F3E1082FCCAF8200868C02 = {
						CreatedOnToolsVersion = 26.0.1;
						TestTargetID = 50F3E0F12FCCAF7E00868C02;
					};
				};
			};
			buildConfigurationList = 50F3E0ED2FCCAF7E00868C02 /* Build configuration list for PBXProject "RuckingTracker" */;
			developmentRegion = en;
			hasScannedForEncodings = 0;
			knownRegions = (
				en,
				Base,
			);
			mainGroup = 50F3E0E92FCCAF7E00868C02;
			minimizedProjectReferenceProxies = 1;
			packageReferences = (
				50FA8F642FD5F6AA0044C0F5 /* XCRemoteSwiftPackageReference "firebase-ios-sdk" */,
				50FA8F702FD6000C0044C0F5 /* XCRemoteSwiftPackageReference "GoogleSignIn-iOS" */,
			);
			preferredProjectObjectVersion = 77;
			productRefGroup = 50F3E0F32FCCAF7E00868C02 /* Products */;
			projectDirPath = "";
			projectRoot = "";
			targets = (
				50F3E0F12FCCAF7E00868C02 /* RuckingTracker */,
				50F3E0FE2FCCAF8200868C02 /* RuckingTrackerTests */,
				50F3E1082FCCAF8200868C02 /* RuckingTrackerUITests */,
			);
		};
/* End PBXProject section */

/* Begin PBXResourcesBuildPhase section */
		50F3E0F02FCCAF7E00868C02 /* Resources */ = {
			isa = PBXResourcesBuildPhase;
			buildActionMask = 2147483647;
			files = (
			);
			runOnlyForDeploymentPostprocessing = 0;
		};
		50F3E0FD2FCCAF8200868C02 /* Resources */ = {
			isa = PBXResourcesBuildPhase;
			buildActionMask = 2147483647;
			files = (
			);
			runOnlyForDeploymentPostprocessing = 0;
		};
		50F3E1072FCCAF8200868C02 /* Resources */ = {
			isa = PBXResourcesBuildPhase;
			buildActionMask = 2147483647;
			files = (
			);
			runOnlyForDeploymentPostprocessing = 0;
		};
/* End PBXResourcesBuildPhase section */

/* Begin PBXSourcesBuildPhase section */
		50F3E0EE2FCCAF7E00868C02 /* Sources */ = {
			isa = PBXSourcesBuildPhase;
			buildActionMask = 2147483647;
			files = (
			);
			runOnlyForDeploymentPostprocessing = 0;
		};
		50F3E0FB2FCCAF8200868C02 /* Sources */ = {
			isa = PBXSourcesBuildPhase;
			buildActionMask = 2147483647;
			files = (
			);
			runOnlyForDeploymentPostprocessing = 0;
		};
		50F3E1052FCCAF8200868C02 /* Sources */ = {
			isa = PBXSourcesBuildPhase;
			buildActionMask = 2147483647;
			files = (
			);
			runOnlyForDeploymentPostprocessing = 0;
		};
/* End PBXSourcesBuildPhase section */

/* Begin PBXTargetDependency section */
		50F3E1012FCCAF8200868C02 /* PBXTargetDependency */ = {
			isa = PBXTargetDependency;
			target = 50F3E0F12FCCAF7E00868C02 /* RuckingTracker */;
			targetProxy = 50F3E1002FCCAF8200868C02 /* PBXContainerItemProxy */;
		};
		50F3E10B2FCCAF8200868C02 /* PBXTargetDependency */ = {
			isa = PBXTargetDependency;
			target = 50F3E0F12FCCAF7E00868C02 /* RuckingTracker */;
			targetProxy = 50F3E10A2FCCAF8200868C02 /* PBXContainerItemProxy */;
		};
/* End PBXTargetDependency section */

/* Begin XCBuildConfiguration section */
		50F3E1112FCCAF8200868C02 /* Debug */ = {
			isa = XCBuildConfiguration;
			buildSettings = {
				ALWAYS_SEARCH_USER_PATHS = NO;
				ASSETCATALOG_COMPILER_GENERATE_SWIFT_ASSET_SYMBOL_EXTENSIONS = YES;
				CLANG_ANALYZER_NONNULL = YES;
				CLANG_ANALYZER_NUMBER_OBJECT_CONVERSION = YES_AGGRESSIVE;
				CLANG_CXX_LANGUAGE_STANDARD = "gnu++20";
				CLANG_ENABLE_MODULES = YES;
				CLANG_ENABLE_OBJC_ARC = YES;
				CLANG_ENABLE_OBJC_WEAK = YES;
				CLANG_WARN_BLOCK_CAPTURE_AUTORELEASING = YES;
				CLANG_WARN_BOOL_CONVERSION = YES;
				CLANG_WARN_COMMA = YES;
				CLANG_WARN_CONSTANT_CONVERSION = YES;
				CLANG_WARN_DEPRECATED_OBJC_IMPLEMENTATIONS = YES;
				CLANG_WARN_DIRECT_OBJC_ISA_USAGE = YES_ERROR;
				CLANG_WARN_DOCUMENTATION_COMMENTS = YES;
				CLANG_WARN_EMPTY_BODY = YES;
				CLANG_WARN_ENUM_CONVERSION = YES;
				CLANG_WARN_INFINITE_RECURSION = YES;
				CLANG_WARN_INT_CONVERSION = YES;
				CLANG_WARN_NON_LITERAL_NULL_CONVERSION = YES;
				CLANG_WARN_OBJC_IMPLICIT_RETAIN_SELF = YES;
				CLANG_WARN_OBJC_LITERAL_CONVERSION = YES;
				CLANG_WARN_OBJC_ROOT_CLASS = YES_ERROR;
				CLANG_WARN_QUOTED_INCLUDE_IN_FRAMEWORK_HEADER = YES;
				CLANG_WARN_RANGE_LOOP_ANALYSIS = YES;
				CLANG_WARN_STRICT_PROTOTYPES = YES;
				CLANG_WARN_SUSPICIOUS_MOVE = YES;
				CLANG_WARN_UNGUARDED_AVAILABILITY = YES_AGGRESSIVE;
				CLANG_WARN_UNREACHABLE_CODE = YES;
				CLANG_WARN__DUPLICATE_METHOD_MATCH = YES;
				COPY_PHASE_STRIP = NO;
				DEBUG_INFORMATION_FORMAT = dwarf;
				DEVELOPMENT_TEAM = XU2377743Z;
				ENABLE_STRICT_OBJC_MSGSEND = YES;
				ENABLE_TESTABILITY = YES;
				ENABLE_USER_SCRIPT_SANDBOXING = YES;
				GCC_C_LANGUAGE_STANDARD = gnu17;
				GCC_DYNAMIC_NO_PIC = NO;
				GCC_NO_COMMON_BLOCKS = YES;
				GCC_OPTIMIZATION_LEVEL = 0;
				GCC_PREPROCESSOR_DEFINITIONS = (
					"DEBUG=1",
					"$(inherited)",
				);
				GCC_WARN_64_TO_32_BIT_CONVERSION = YES;
				GCC_WARN_ABOUT_RETURN_TYPE = YES_ERROR;
				GCC_WARN_UNDECLARED_SELECTOR = YES;
				GCC_WARN_UNINITIALIZED_AUTOS = YES_AGGRESSIVE;
				GCC_WARN_UNUSED_FUNCTION = YES;
				GCC_WARN_UNUSED_VARIABLE = YES;
				IPHONEOS_DEPLOYMENT_TARGET = 26.0;
				LOCALIZATION_PREFERS_STRING_CATALOGS = YES;
				MTL_ENABLE_DEBUG_INFO = INCLUDE_SOURCE;
				MTL_FAST_MATH = YES;
				ONLY_ACTIVE_ARCH = YES;
				SDKROOT = iphoneos;
				SWIFT_ACTIVE_COMPILATION_CONDITIONS = "DEBUG $(inherited)";
				SWIFT_OPTIMIZATION_LEVEL = "-Onone";
			};
			name = Debug;
		};
		50F3E1122FCCAF8200868C02 /* Release */ = {
			isa = XCBuildConfiguration;
			buildSettings = {
				ALWAYS_SEARCH_USER_PATHS = NO;
				ASSETCATALOG_COMPILER_GENERATE_SWIFT_ASSET_SYMBOL_EXTENSIONS = YES;
				CLANG_ANALYZER_NONNULL = YES;
				CLANG_ANALYZER_NUMBER_OBJECT_CONVERSION = YES_AGGRESSIVE;
				CLANG_CXX_LANGUAGE_STANDARD = "gnu++20";
				CLANG_ENABLE_MODULES = YES;
				CLANG_ENABLE_OBJC_ARC = YES;
				CLANG_ENABLE_OBJC_WEAK = YES;
				CLANG_WARN_BLOCK_CAPTURE_AUTORELEASING = YES;
				CLANG_WARN_BOOL_CONVERSION = YES;
				CLANG_WARN_COMMA = YES;
				CLANG_WARN_CONSTANT_CONVERSION = YES;
				CLANG_WARN_DEPRECATED_OBJC_IMPLEMENTATIONS = YES;
				CLANG_WARN_DIRECT_OBJC_ISA_USAGE = YES_ERROR;
				CLANG_WARN_DOCUMENTATION_COMMENTS = YES;
				CLANG_WARN_EMPTY_BODY = YES;
				CLANG_WARN_ENUM_CONVERSION = YES;
				CLANG_WARN_INFINITE_RECURSION = YES;
				CLANG_WARN_INT_CONVERSION = YES;
				CLANG_WARN_NON_LITERAL_NULL_CONVERSION = YES;
				CLANG_WARN_OBJC_IMPLICIT_RETAIN_SELF = YES;
				CLANG_WARN_OBJC_LITERAL_CONVERSION = YES;
				CLANG_WARN_OBJC_ROOT_CLASS = YES_ERROR;
				CLANG_WARN_QUOTED_INCLUDE_IN_FRAMEWORK_HEADER = YES;
				CLANG_WARN_RANGE_LOOP_ANALYSIS = YES;
				CLANG_WARN_STRICT_PROTOTYPES = YES;
				CLANG_WARN_SUSPICIOUS_MOVE = YES;
				CLANG_WARN_UNGUARDED_AVAILABILITY = YES_AGGRESSIVE;
				CLANG_WARN_UNREACHABLE_CODE = YES;
				CLANG_WARN__DUPLICATE_METHOD_MATCH = YES;
				COPY_PHASE_STRIP = NO;
				DEBUG_INFORMATION_FORMAT = "dwarf-with-dsym";
				DEVELOPMENT_TEAM = XU2377743Z;
				ENABLE_NS_ASSERTIONS = NO;
				ENABLE_STRICT_OBJC_MSGSEND = YES;
				ENABLE_USER_SCRIPT_SANDBOXING = YES;
				GCC_C_LANGUAGE_STANDARD = gnu17;
				GCC_NO_COMMON_BLOCKS = YES;
				GCC_WARN_64_TO_32_BIT_CONVERSION = YES;
				GCC_WARN_ABOUT_RETURN_TYPE = YES_ERROR;
				GCC_WARN_UNDECLARED_SELECTOR = YES;
				GCC_WARN_UNINITIALIZED_AUTOS = YES_AGGRESSIVE;
				GCC_WARN_UNUSED_FUNCTION = YES;
				GCC_WARN_UNUSED_VARIABLE = YES;
				IPHONEOS_DEPLOYMENT_TARGET = 26.0;
				LOCALIZATION_PREFERS_STRING_CATALOGS = YES;
				MTL_ENABLE_DEBUG_INFO = NO;
				MTL_FAST_MATH = YES;
				SDKROOT = iphoneos;
				SWIFT_COMPILATION_MODE = wholemodule;
				VALIDATE_PRODUCT = YES;
			};
			name = Release;
		};
		50F3E1142FCCAF8200868C02 /* Debug */ = {
			isa = XCBuildConfiguration;
			buildSettings = {
				ASSETCATALOG_COMPILER_APPICON_NAME = AppIcon;
				ASSETCATALOG_COMPILER_GLOBAL_ACCENT_COLOR_NAME = AccentColor;
				CODE_SIGN_STYLE = Automatic;
				CURRENT_PROJECT_VERSION = 1;
				DEVELOPMENT_TEAM = XU2377743Z;
				ENABLE_PREVIEWS = YES;
				GENERATE_INFOPLIST_FILE = YES;
				INFOPLIST_FILE = RuckingTracker/Info.plist;
				INFOPLIST_KEY_UIApplicationSceneManifest_Generation = YES;
				INFOPLIST_KEY_UIApplicationSupportsIndirectInputEvents = YES;
				INFOPLIST_KEY_UILaunchScreen_Generation = YES;
				INFOPLIST_KEY_UISupportedInterfaceOrientations_iPad = "UIInterfaceOrientationPortrait UIInterfaceOrientationPortraitUpsideDown UIInterfaceOrientationLandscapeLeft UIInterfaceOrientationLandscapeRight";
				INFOPLIST_KEY_UISupportedInterfaceOrientations_iPhone = "UIInterfaceOrientationPortrait UIInterfaceOrientationLandscapeLeft UIInterfaceOrientationLandscapeRight";
				IPHONEOS_DEPLOYMENT_TARGET = 18.6;
				LD_RUNPATH_SEARCH_PATHS = (
					"$(inherited)",
					"@executable_path/Frameworks",
				);
				MARKETING_VERSION = 1.0;
				PRODUCT_BUNDLE_IDENTIFIER = Com.Rux.Rux;
				PRODUCT_NAME = "$(TARGET_NAME)";
				STRING_CATALOG_GENERATE_SYMBOLS = YES;
				SWIFT_APPROACHABLE_CONCURRENCY = YES;
				SWIFT_DEFAULT_ACTOR_ISOLATION = MainActor;
				SWIFT_EMIT_LOC_STRINGS = YES;
				SWIFT_UPCOMING_FEATURE_MEMBER_IMPORT_VISIBILITY = YES;
				SWIFT_VERSION = 5.0;
				TARGETED_DEVICE_FAMILY = "1,2";
			};
			name = Debug;
		};
		50F3E1152FCCAF8200868C02 /* Release */ = {
			isa = XCBuildConfiguration;
			buildSettings = {
				ASSETCATALOG_COMPILER_APPICON_NAME = AppIcon;
				ASSETCATALOG_COMPILER_GLOBAL_ACCENT_COLOR_NAME = AccentColor;
				CODE_SIGN_STYLE = Automatic;
				CURRENT_PROJECT_VERSION = 1;
				DEVELOPMENT_TEAM = XU2377743Z;
				ENABLE_PREVIEWS = YES;
				GENERATE_INFOPLIST_FILE = YES;
				INFOPLIST_FILE = RuckingTracker/Info.plist;
				INFOPLIST_KEY_UIApplicationSceneManifest_Generation = YES;
				INFOPLIST_KEY_UIApplicationSupportsIndirectInputEvents = YES;
				INFOPLIST_KEY_UILaunchScreen_Generation = YES;
				INFOPLIST_KEY_UISupportedInterfaceOrientations_iPad = "UIInterfaceOrientationPortrait UIInterfaceOrientationPortraitUpsideDown UIInterfaceOrientationLandscapeLeft UIInterfaceOrientationLandscapeRight";
				INFOPLIST_KEY_UISupportedInterfaceOrientations_iPhone = "UIInterfaceOrientationPortrait UIInterfaceOrientationLandscapeLeft UIInterfaceOrientationLandscapeRight";
				IPHONEOS_DEPLOYMENT_TARGET = 18.6;
				LD_RUNPATH_SEARCH_PATHS = (
					"$(inherited)",
					"@executable_path/Frameworks",
				);
				MARKETING_VERSION = 1.0;
				PRODUCT_BUNDLE_IDENTIFIER = Com.Rux.Rux;
				PRODUCT_NAME = "$(TARGET_NAME)";
				STRING_CATALOG_GENERATE_SYMBOLS = YES;
				SWIFT_APPROACHABLE_CONCURRENCY = YES;
				SWIFT_DEFAULT_ACTOR_ISOLATION = MainActor;
				SWIFT_EMIT_LOC_STRINGS = YES;
				SWIFT_UPCOMING_FEATURE_MEMBER_IMPORT_VISIBILITY = YES;
				SWIFT_VERSION = 5.0;
				TARGETED_DEVICE_FAMILY = "1,2";
			};
			name = Release;
		};
		50F3E1172FCCAF8200868C02 /* Debug */ = {
			isa = XCBuildConfiguration;
			buildSettings = {
				BUNDLE_LOADER = "$(TEST_HOST)";
				CODE_SIGN_STYLE = Automatic;
				CURRENT_PROJECT_VERSION = 1;
				DEVELOPMENT_TEAM = XU2377743Z;
				GENERATE_INFOPLIST_FILE = YES;
				IPHONEOS_DEPLOYMENT_TARGET = 26.0;
				MARKETING_VERSION = 1.0;
				PRODUCT_BUNDLE_IDENTIFIER = com.Peak.RuckingTrackerTests;
				PRODUCT_NAME = "$(TARGET_NAME)";
				STRING_CATALOG_GENERATE_SYMBOLS = NO;
				SWIFT_APPROACHABLE_CONCURRENCY = YES;
				SWIFT_EMIT_LOC_STRINGS = NO;
				SWIFT_UPCOMING_FEATURE_MEMBER_IMPORT_VISIBILITY = YES;
				SWIFT_VERSION = 5.0;
				TARGETED_DEVICE_FAMILY = "1,2";
				TEST_HOST = "$(BUILT_PRODUCTS_DIR)/RuckingTracker.app/$(BUNDLE_EXECUTABLE_FOLDER_PATH)/RuckingTracker";
			};
			name = Debug;
		};
		50F3E1182FCCAF8200868C02 /* Release */ = {
			isa = XCBuildConfiguration;
			buildSettings = {
				BUNDLE_LOADER = "$(TEST_HOST)";
				CODE_SIGN_STYLE = Automatic;
				CURRENT_PROJECT_VERSION = 1;
				DEVELOPMENT_TEAM = XU2377743Z;
				GENERATE_INFOPLIST_FILE = YES;
				IPHONEOS_DEPLOYMENT_TARGET = 26.0;
				MARKETING_VERSION = 1.0;
				PRODUCT_BUNDLE_IDENTIFIER = com.Peak.RuckingTrackerTests;
				PRODUCT_NAME = "$(TARGET_NAME)";
				STRING_CATALOG_GENERATE_SYMBOLS = NO;
				SWIFT_APPROACHABLE_CONCURRENCY = YES;
				SWIFT_EMIT_LOC_STRINGS = NO;
				SWIFT_UPCOMING_FEATURE_MEMBER_IMPORT_VISIBILITY = YES;
				SWIFT_VERSION = 5.0;
				TARGETED_DEVICE_FAMILY = "1,2";
				TEST_HOST = "$(BUILT_PRODUCTS_DIR)/RuckingTracker.app/$(BUNDLE_EXECUTABLE_FOLDER_PATH)/RuckingTracker";
			};
			name = Release;
		};
		50F3E11A2FCCAF8200868C02 /* Debug */ = {
			isa = XCBuildConfiguration;
			buildSettings = {
				CODE_SIGN_STYLE = Automatic;
				CURRENT_PROJECT_VERSION = 1;
				DEVELOPMENT_TEAM = XU2377743Z;
				GENERATE_INFOPLIST_FILE = YES;
				MARKETING_VERSION = 1.0;
				PRODUCT_BUNDLE_IDENTIFIER = com.Peak.RuckingTrackerUITests;
				PRODUCT_NAME = "$(TARGET_NAME)";
				STRING_CATALOG_GENERATE_SYMBOLS = NO;
				SWIFT_APPROACHABLE_CONCURRENCY = YES;
				SWIFT_EMIT_LOC_STRINGS = NO;
				SWIFT_UPCOMING_FEATURE_MEMBER_IMPORT_VISIBILITY = YES;
				SWIFT_VERSION = 5.0;
				TARGETED_DEVICE_FAMILY = "1,2";
				TEST_TARGET_NAME = RuckingTracker;
			};
			name = Debug;
		};
		50F3E11B2FCCAF8200868C02 /* Release */ = {
			isa = XCBuildConfiguration;
			buildSettings = {
				CODE_SIGN_STYLE = Automatic;
				CURRENT_PROJECT_VERSION = 1;
				DEVELOPMENT_TEAM = XU2377743Z;
				GENERATE_INFOPLIST_FILE = YES;
				MARKETING_VERSION = 1.0;
				PRODUCT_BUNDLE_IDENTIFIER = com.Peak.RuckingTrackerUITests;
				PRODUCT_NAME = "$(TARGET_NAME)";
				STRING_CATALOG_GENERATE_SYMBOLS = NO;
				SWIFT_APPROACHABLE_CONCURRENCY = YES;
				SWIFT_EMIT_LOC_STRINGS = NO;
				SWIFT_UPCOMING_FEATURE_MEMBER_IMPORT_VISIBILITY = YES;
				SWIFT_VERSION = 5.0;
				TARGETED_DEVICE_FAMILY = "1,2";
				TEST_TARGET_NAME = RuckingTracker;
			};
			name = Release;
		};
/* End XCBuildConfiguration section */

/* Begin XCConfigurationList section */
		50F3E0ED2FCCAF7E00868C02 /* Build configuration list for PBXProject "RuckingTracker" */ = {
			isa = XCConfigurationList;
			buildConfigurations = (
				50F3E1112FCCAF8200868C02 /* Debug */,
				50F3E1122FCCAF8200868C02 /* Release */,
			);
			defaultConfigurationIsVisible = 0;
			defaultConfigurationName = Release;
		};
		50F3E1132FCCAF8200868C02 /* Build configuration list for PBXNativeTarget "RuckingTracker" */ = {
			isa = XCConfigurationList;
			buildConfigurations = (
				50F3E1142FCCAF8200868C02 /* Debug */,
				50F3E1152FCCAF8200868C02 /* Release */,
			);
			defaultConfigurationIsVisible = 0;
			defaultConfigurationName = Release;
		};
		50F3E1162FCCAF8200868C02 /* Build configuration list for PBXNativeTarget "RuckingTrackerTests" */ = {
			isa = XCConfigurationList;
			buildConfigurations = (
				50F3E1172FCCAF8200868C02 /* Debug */,
				50F3E1182FCCAF8200868C02 /* Release */,
			);
			defaultConfigurationIsVisible = 0;
			defaultConfigurationName = Release;
		};
		50F3E1192FCCAF8200868C02 /* Build configuration list for PBXNativeTarget "RuckingTrackerUITests" */ = {
			isa = XCConfigurationList;
			buildConfigurations = (
				50F3E11A2FCCAF8200868C02 /* Debug */,
				50F3E11B2FCCAF8200868C02 /* Release */,
			);
			defaultConfigurationIsVisible = 0;
			defaultConfigurationName = Release;
		};
/* End XCConfigurationList section */

/* Begin XCRemoteSwiftPackageReference section */
		50FA8F642FD5F6AA0044C0F5 /* XCRemoteSwiftPackageReference "firebase-ios-sdk" */ = {
			isa = XCRemoteSwiftPackageReference;
			repositoryURL = "https://github.com/firebase/firebase-ios-sdk";
			requirement = {
				kind = upToNextMajorVersion;
				minimumVersion = 12.14.0;
			};
		};
		50FA8F702FD6000C0044C0F5 /* XCRemoteSwiftPackageReference "GoogleSignIn-iOS" */ = {
			isa = XCRemoteSwiftPackageReference;
			repositoryURL = "https://github.com/google/GoogleSignIn-iOS";
			requirement = {
				kind = upToNextMajorVersion;
				minimumVersion = 9.1.0;
			};
		};
/* End XCRemoteSwiftPackageReference section */

/* Begin XCSwiftPackageProductDependency section */
		50FA8F662FD5F7470044C0F5 /* FirebaseAnalytics */ = {
			isa = XCSwiftPackageProductDependency;
			package = 50FA8F642FD5F6AA0044C0F5 /* XCRemoteSwiftPackageReference "firebase-ios-sdk" */;
			productName = FirebaseAnalytics;
		};
		50FA8F682FD5F74D0044C0F5 /* FirebaseAuth */ = {
			isa = XCSwiftPackageProductDependency;
			package = 50FA8F642FD5F6AA0044C0F5 /* XCRemoteSwiftPackageReference "firebase-ios-sdk" */;
			productName = FirebaseAuth;
		};
		50FA8F6A2FD5F7580044C0F5 /* FirebaseCore */ = {
			isa = XCSwiftPackageProductDependency;
			package = 50FA8F642FD5F6AA0044C0F5 /* XCRemoteSwiftPackageReference "firebase-ios-sdk" */;
			productName = FirebaseCore;
		};
		50FA8F712FD6000C0044C0F5 /* GoogleSignIn */ = {
			isa = XCSwiftPackageProductDependency;
			package = 50FA8F702FD6000C0044C0F5 /* XCRemoteSwiftPackageReference "GoogleSignIn-iOS" */;
			productName = GoogleSignIn;
		};
/* End XCSwiftPackageProductDependency section */
	};
	rootObject = 50F3E0EA2FCCAF7E00868C02 /* Project object */;
}
